
Microsoft Visual Studio Solution File, Format Version 12.00
# Visual Studio Version 16
VisualStudioVersion = 16.6.30114.105
MinimumVisualStudioVersion = 10.0.40219.1
Project("{FAE04EC0-301F-11D3-BF4B-00C04F79EFBC}") = "Crucible.Core", "Crucible.Core\Crucible.Core.csproj", "{CB99CD80-85D0-42FE-9257-86DB9D096F63}"
EndProject
Project("{FAE04EC0-301F-11D3-BF4B-00C04F79EFBC}") = "Crucible.GameAPI", "Crucible.GameAPI\Crucible.GameAPI.csproj", "{1537D981-A25A-4B6F-A8EE-E3D9BF9BA145}"
EndProject
Project("{FAE04EC0-301F-11D3-BF4B-00C04F79EFBC}") = "Crucible", "Crucible\Crucible.csproj", "{298FAFAD-03C3-43F9-8439-DD35D948975D}"
EndProject
Project("{FAE04EC0-301F-11D3-BF4B-00C04F79EFBC}") = "Crucible.Ingredients", "Crucible.Ingredients\Crucible.Ingredients.csproj", "{CDD56E62-537F-4AB5-B6CF-5FBF2A03A972}"
EndProject
Project("{FAE04EC0-301F-11D3-BF4B-00C04F79EFBC}") = "Crucible.PotionBases", "Crucible.PotionBases\Crucible.PotionBases.csproj", "{3B1DD2DF-7D39-4EC7-A6AF-73884DFDA74B}"
EndProject
Project("{FAE04EC0-301F-11D3-BF4B-00C04F79EFBC}") = "Crucible.NPCs", "Crucible.NPCs\Crucible.NPCs.csproj", "{E6BCE39D-D78F-4B87-9EA0-CBC52CC0BCC3}"
EndProject
Project("{FAE04EC0-301F-11D3-BF4B-00C04F79EFBC}") = "Crucible.PotionEffects", "Crucible.PotionEffects\Crucible.PotionEffects.csproj", "{C66597BB-198F-428A-B01C-D43B83BFB553}"
EndProject
Project("{FAE04EC0-301F-11D3-BF4B-00C04F79EFBC}") = "Crucible.PotionBottles", "Crucible.PotionBottles\Crucible.PotionBottles.csproj", "{FF1E408E-E87E-45AD-AC59-A4FFD3F38506}"
EndProject
Global
	GlobalSection(SolutionConfigurationPlatforms) = preSolution
		Debug|Any CPU = Debug|Any CPU
		Debug|x64 = Debug|x64
		Debug|x86 = Debug|x86
		Release|Any CPU = Release|Any CPU
		Release|x64 = Release|x64
		Release|x86 = Release|x86
	EndGlobalSection
	GlobalSection(SolutionProperties) = preSolution
		HideSolutionNode = FALSE
	EndGlobalSection
	GlobalSection(ProjectConfigurationPlatforms) = postSolution
		{CB99CD80-85D0-42FE-9257-86DB9D096F63}.Debug|Any CPU.ActiveCfg = Debug|Any CPU
		{CB99CD80-85D0-42FE-9257-86DB9D096F63}.Debug|Any CPU.Build.0 = Debug|Any CPU
		{CB99CD80-85D0-42FE-9257-86DB9D096F63}.Debug|x64.ActiveCfg = Debug|Any CPU
		{CB99CD80-85D0-42FE-9257-86DB9D096F63}.Debug|x64.Build.0 = Debug|Any CPU
		{CB99CD80-85D0-42FE-9257-86DB9D096F63}.Debug|x86.ActiveCfg = Debug|Any CPU
		{CB99CD80-85D0-42FE-9257-86DB9D096F63}.Debug|x86.Build.0 = Debug|Any CPU
		{CB99CD80-85D0-42FE-9257-86DB9D096F63}.Release|Any CPU.ActiveCfg = Release|Any CPU
		{CB99CD80-85D0-42FE-9257-86DB9D096F63}.Release|Any CPU.Build.0 = Release|Any CPU
		{CB99CD80-85D0-42FE-9257-86DB9D096F63}.Release|x64.ActiveCfg = Release|Any CPU
		{CB99CD80-85D0-42FE-9257-86DB9D096F63}.Release|x64.Build.0 = Release|Any CPU
		{CB99CD80-85D0-42FE-9257-86DB9D096F63}.Release|x86.ActiveCfg = Release|Any CPU
		{CB99CD80-85D0-42FE-9257-86DB9D096F63}.Release|x86.Build.0 = Release|Any CPU
		{1537D981-A25A-4B6F-A8EE-E3D9BF9BA145}.Debug|Any CPU.ActiveCfg = Debug|Any CPU
		{1537D981-A25A-4B6F-A8EE-E3D9BF9BA145}.Debug|Any CPU.Build.0 = Debug|Any CPU
		{1537D981-A25A-4B6F-A8EE-E3D9BF9BA145}.Debug|x64.ActiveCfg = Debug|Any CPU
		{1537D981-A25A-4B6F-A8EE-E3D9BF9BA145}.Debug|x64.Build.0 = Debug|Any CPU
		{1537D981-A25A-4B6F-A8EE-E3D9BF9BA145}.Debug|x86.ActiveCfg = Debug|Any CPU
		{1537D981-A25A-4B6F-A8EE-E3D9BF9BA145}.Debug|x86.Build.0 = Debug|Any CPU
		{1537D981-A25A-4B6F-A8EE-E3D9BF9BA145}.Release|Any CPU.ActiveCfg = Release|Any CPU
		{1537D981-A25A-4B6F-A8EE-E3D9BF9BA145}.Release|Any CPU.Build.0 = Release|Any CPU
		{1537D981-A25A-4B6F-A8EE-E3D9BF9BA145}.Release|x64.ActiveCfg = Release|Any CPU
		{1537D981-A25A-4B6F-A8EE-E3D9BF9BA145}.Release|x64.Build.0 = Release|Any CPU
		{1537D981-A25A-4B6F-A8EE-E3D9BF9BA145}.Release|x86.ActiveCfg = Release|Any CPU
		{1537D981-A25A-4B6F-A8EE-E3D9BF9BA145}.Release|x86.Build.0 = Release|Any CPU
		{298FAFAD-03C3-43F9-8439-DD35D948975D}.Debug|Any CPU.ActiveCfg = Debug|Any CPU
		{298FAFAD-03C3-43F9-8439-DD35D948975D}.Debug|Any CPU.Build.0 = Debug|Any CPU
		{298FAFAD-03C3-43F9-8439-DD35D948975D}.Debug|x64.ActiveCfg = Debug|Any CPU
		{298FAFAD-03C3-43F9-8439-DD35D948975D}.Debug|x64.Build.0 = Debug|Any CPU
		{298FAFAD-03C3-43F9-8439-DD35D948975D}.Debug|x86.ActiveCfg = Debug|Any CPU
		{298FAFAD-03C3-43F9-8439-DD35D948975D}.Debug|x86.Build.0 = Debug|Any CPU
		{298FAFAD-03C3-43F9-8439-DD35D948975D}.Release|Any CPU.ActiveCfg = Release|Any CPU
		{298FAFAD-03C3-43F9-8439-DD35D948975D}.Release|Any CPU.Build.0 = Release|Any CPU
		{298FAFAD-03C3-43F9-8439-DD35D948975D}.Release|x64.ActiveCfg = Release|Any CPU
		{298FAFAD-03C3-43F9-8439-DD35D948975D}.Release|x64.Build.0 = Release|Any CPU
		{298FAFAD-03C3-43F9-8439-DD35D948975D}.Release|x86.ActiveCfg = Release|Any CPU
		{298FAFAD-03C3-43F9-8439-DD35D948975D}.Release|x86.Build.0 = Release|Any CPU
		{CDD56E62-537F-4AB5-B6CF-5FBF2A03A972}.Debug|Any CPU.ActiveCfg = Debug|Any CPU
		{CDD56E62-537F-4AB5-B6CF-5FBF2A03A972}.Debug|Any CPU.Build.0 = Debug|Any CPU
		{CDD56E62-537F-4AB5-B6CF-5FBF2A03A972}.Debug|x64.ActiveCfg = Debug|Any CPU
		{CDD56E62-537F-4AB5-B6CF-5FBF2A03A972}.Debug|x64.Build.0 = Debug|Any CPU
		{CDD56E62-537F-4AB5-B6CF-5FBF2A03A972}.Debug|x86.ActiveCfg = Debug|Any CPU
		{CDD56E62-537F-4AB5-B6CF-5FBF2A03A972}.Debug|x86.Build.0 = Debug|Any CPU
		{CDD56E62-537F-4AB5-B6CF-5FBF2A03A972}.Release|Any CPU.ActiveCfg = Release|Any CPU
		{CDD56E62-537F-4AB5-B6CF-5FBF2A03A972}.Release|Any CPU.Build.0 = Release|Any CPU
		{CDD56E62-537F-4AB5-B6CF-5FBF2A03A972}.Release|x64.ActiveCfg = Release|Any CPU
		{CDD56E62-537F-4AB5-B6CF-5FBF2A03A972}.Release|x64.Build.0 = Release|Any CPU
		{CDD56E62-537F-4AB5-B6CF-5FBF2A03A972}.Release|x86.ActiveCfg = Release|Any CPU
		{CDD56E62-537F-4AB5-B6CF-5FBF2A03A972}.Release|x86.Build.0 = Release|Any CPU
		{3B1DD2DF-7D39-4EC7-A6AF-73884DFDA74B}.Debug|Any CPU.ActiveCfg = Debug|Any CPU
		{3B1DD2DF-7D39-4EC7-A6AF-73884DFDA74B}.Debug|Any CPU.Build.0 = Debug|Any CPU
		{3B1DD2DF-7D39-4EC7-A6AF-73884DFDA74B}.Debug|x64.ActiveCfg = Debug|Any CPU
		{3B1DD2DF-7D39-4EC7-A6AF-73884DFDA74B}.Debug|x64.Build.0 = Debug|Any CPU
		{3B1DD2DF-7D39-4EC7-A6AF-73884DFDA74B}.Debug|x86.ActiveCfg = Debug|Any CPU
		{3B1DD2DF-7D39-4EC7-A6AF-73884DFDA74B}.Debug|x86.Build.0 = Debug|Any CPU
		{3B1DD2DF-7D39-4EC7-A6AF-73884DFDA74B}.Release|Any CPU.ActiveCfg = Release|Any CPU
		{3B1DD2DF-7D39-4EC7-A6AF-73884DFDA74B}.Release|Any CPU.Build.0 = Release|Any CPU
		{3B1DD2DF-7D39-4EC7-A6AF-73884DFDA74B}.Release|x64.ActiveCfg = Release|Any CPU
		{3B1DD2DF-7D39-4EC7-A6AF-73884DFDA74B}.Release|x64.Build.0 = Release|Any CPU
		{3B1DD2DF-7D39-4EC7-A6AF-73884DFDA74B}.Release|x86.ActiveCfg = Release|Any CPU
		{3B1DD2DF-7D39-4EC7-A6AF-73884DFDA74B}.Release|x86.Build.0 = Release|Any CPU
		{E6BCE39D-D78F-4B87-9EA0-CBC52CC0BCC3}.Debug|Any CPU.ActiveCfg = Debug|Any CPU
		{E6BCE39D-D78F-4B87-9EA0-CBC52CC0BCC3}.Debug|Any CPU.Build.0 = Debug|Any CPU
		{E6BCE39D-D78F-4B87-9EA0-CBC52CC0BCC3}.Debug|x64.ActiveCfg = Debug|Any CPU
		{E6BCE39D-D78F-4B87-9EA0-CBC52CC0BCC3}.Debug|x64.Build.0 = Debug|Any CPU
		{E6BCE39D-D78F-4B87-9EA0-CBC52CC0BCC3}.Debug|x86.ActiveCfg = Debug|Any CPU
		{E6BCE39D-D78F-4B87-9EA0-CBC52CC0BCC3}.Debug|x86.Build.0 = Debug|Any CPU
		{E6BCE39D-D78F-4B87-9EA0-CBC52CC0BCC3}.Release|Any CPU.ActiveCfg = Release|Any CPU
		{E6BCE39D-D78F-4B87-9EA0-CBC52CC0BCC3}.Release|Any CPU.Build.0 = Release|Any CPU
		{E6BCE39D-D78F-4B87-9EA0-CBC52CC0BCC3}.Release|x64.ActiveCfg = Release|Any CPU
		{E6BCE39D-D78F-4B87-9EA0-CBC52CC0BCC3}.Release|x64.Build.0 = Release|Any CPU
		{E6BCE39D-D78F-4B87-9EA0-CBC52CC0BCC3}.Release|x86.ActiveCfg = Release|Any CPU
		{E6BCE39D-D78F-4B87-9EA0-CBC52CC0BCC3}.Release|x86.Build.0 = Release|Any CPU
		{C66597BB-198F-428A-B01C-D43B83BFB553}.Debug|Any CPU.ActiveCfg = Debug|Any CPU
		{C66597BB-198F-428A-B01C-D43B83BFB553}.Debug|Any CPU.Build.0 = Debug|Any CPU
		{C66597BB-198F-428A-B01C-D43B83BFB553}.Debug|x64.ActiveCfg = Debug|Any CPU
		{C66597BB-198F-428A-B01C-D43B83BFB553}.Debug|x64.Build.0 = Debug|Any CPU
		{C66597BB-198F-428A-B01C-D43B83BFB553}.Debug|x86.ActiveCfg = Debug|Any CPU
		{C66597BB-198F-428A-B01C-D43B83BFB553}.Debug|x86.Build.0 = Debug|Any CPU
		{C66597BB-198F-428A-B01C-D43B83BFB553}.Release|Any CPU.ActiveCfg = Release|Any CPU
		{C66597BB-198F-428A-B01C-D43B83BFB553}.Release|Any CPU.Build.0 = Release|Any CPU
		{C66597BB-198F-428A-B01C-D43B83BFB553}.Release|x64.ActiveCfg = Release|Any CPU
		{C66597BB-198F-428A-B01C-D43B83BFB553}.Release|x64.Build.0 = Release|Any CPU
		{C66597BB-198F-428A-B01C-D43B83BFB553}.Release|x86.ActiveCfg = Release|Any CPU
		{C66597BB-198F-428A-B01C-D43B83BFB553}.Release|x86.Build.0 = Release|Any CPU
		{FF1E408E-E87E-45AD-AC59-A4FFD3F38506}.Debug|Any CPU.ActiveCfg = Debug|Any CPU
		{FF1E408E-E87E-45AD-AC59-A4FFD3F38506}.Debug|Any CPU.Build.0 = Debug|Any CPU
		{FF1E408E-E87E-45AD-AC59-A4FFD3F38506}.Debug|x64.ActiveCfg = Debug|Any CPU
		{FF1E408E-E87E-45AD-AC59-A4FFD3F38506}.Debug|x64.Build.0 = Debug|Any CPU
		{FF1E408E-E87E-45AD-AC59-A4FFD3F38506}.Debug|x86.ActiveCfg = Debug|Any CPU
		{FF1E408E-E87E-45AD-AC59-A4FFD3F38506}.Debug|x86.Build.0 = Debug|Any CPU
		{FF1E408E-E87E-45AD-AC59-A4FFD3F38506}.Release|Any CPU.ActiveCfg = Release|Any CPU
		{FF1E408E-E87E-45AD-AC59-A4FFD3F38506}.Release|Any CPU.Build.0 = Release|Any CPU
		{FF1E408E-E87E-45AD-AC59-A4FFD3F38506}.Release|x64.ActiveCfg = Release|Any CPU
		{FF1E408E-E87E-45AD-AC59-A4FFD3F38506}.Release|x64.Build.0 = Release|Any CPU
		{FF1E408E-E87E-45AD-AC59-A4FFD3F38506}.Release|x86.ActiveCfg = Release|Any CPU
		{FF1E408E-E87E-45AD-AC59-A4FFD3F38506}.Release|x86.Build.0 = Release|Any CPU
	EndGlobalSection
EndGlobal
